
Microsoft Visual Studio Solution File, Format Version 12.00
# Visual Studio 2013
VisualStudioVersion = 12.0.30501.0
MinimumVisualStudioVersion = 10.0.40219.1
Project("{FAE04EC0-301F-11D3-BF4B-00C04F79EFBC}") = "ad_test", "ad_test\ad_test.csproj", "{5AAFD1E1-FD2B-405C-9D0A-480BAF81EAC5}"
EndProject
Project("{FAE04EC0-301F-11D3-BF4B-00C04F79EFBC}") = "ADLoginLibrary", "ADLoginLibrary\ADLoginLibrary.csproj", "{38F56F3C-F153-4047-8F47-0DCF426F44C8}"
EndProject
Global
	GlobalSection(SolutionConfigurationPlatforms) = preSolution
		Debug|Any CPU = Debug|Any CPU
		Release|Any CPU = Release|Any CPU
	EndGlobalSection
	GlobalSection(ProjectConfigurationPlatforms) = postSolution
		{5AAFD1E1-FD2B-405C-9D0A-480BAF81EAC5}.Debug|Any CPU.ActiveCfg = Debug|Any CPU
		{5AAFD1E1-FD2B-405C-9D0A-480BAF81EAC5}.Debug|Any CPU.Build.0 = Debug|Any CPU
		{5AAFD1E1-FD2B-405C-9D0A-480BAF81EAC5}.Release|Any CPU.ActiveCfg = Release|Any CPU
		{5AAFD1E1-FD2B-405C-9D0A-480BAF81EAC5}.Release|Any CPU.Build.0 = Release|Any CPU
		{38F56F3C-F153-4047-8F47-0DCF426F44C8}.Debug|Any CPU.ActiveCfg = Debug|Any CPU
		{38F56F3C-F153-4047-8F47-0DCF426F44C8}.Debug|Any CPU.Build.0 = Debug|Any CPU
		{38F56F3C-F153-4047-8F47-0DCF426F44C8}.Release|Any CPU.ActiveCfg = Release|Any CPU
		{38F56F3C-F153-4047-8F47-0DCF426F44C8}.Release|Any CPU.Build.0 = Release|Any CPU
	EndGlobalSection
	GlobalSection(SolutionProperties) = preSolution
		HideSolutionNode = FALSE
	EndGlobalSection
EndGlobal
